
Microsoft Visual Studio Solution File, Format Version 12.00
# Visual Studio Version 16
VisualStudioVersion = 16.0.31624.102
MinimumVisualStudioVersion = 10.0.40219.1
Project("{FAE04EC0-301F-11D3-BF4B-00C04F79EFBC}") = "Lab-1", "Lab-1\Lab-1.csproj", "{18B1F13C-7A25-4EA2-89A8-66EFF453DFD1}"
EndProject
Project("{FAE04EC0-301F-11D3-BF4B-00C04F79EFBC}") = "Lib-4", "Lib-4\Lib-4.csproj", "{A59B5409-DA4A-46BC-8B99-4FDDBE5A8A50}"
EndProject
Global
	GlobalSection(SolutionConfigurationPlatforms) = preSolution
		Debug|Any CPU = Debug|Any CPU
		Release|Any CPU = Release|Any CPU
	EndGlobalSection
	GlobalSection(ProjectConfigurationPlatforms) = postSolution
		{18B1F13C-7A25-4EA2-89A8-66EFF453DFD1}.Debug|Any CPU.ActiveCfg = Debug|Any CPU
		{18B1F13C-7A25-4EA2-89A8-66EFF453DFD1}.Debug|Any CPU.Build.0 = Debug|Any CPU
		{18B1F13C-7A25-4EA2-89A8-66EFF453DFD1}.Release|Any CPU.ActiveCfg = Release|Any CPU
		{18B1F13C-7A25-4EA2-89A8-66EFF453DFD1}.Release|Any CPU.Build.0 = Release|Any CPU
		{A59B5409-DA4A-46BC-8B99-4FDDBE5A8A50}.Debug|Any CPU.ActiveCfg = Debug|Any CPU
		{A59B5409-DA4A-46BC-8B99-4FDDBE5A8A50}.Debug|Any CPU.Build.0 = Debug|Any CPU
		{A59B5409-DA4A-46BC-8B99-4FDDBE5A8A50}.Release|Any CPU.ActiveCfg = Release|Any CPU
		{A59B5409-DA4A-46BC-8B99-4FDDBE5A8A50}.Release|Any CPU.Build.0 = Release|Any CPU
	EndGlobalSection
	GlobalSection(SolutionProperties) = preSolution
		HideSolutionNode = FALSE
	EndGlobalSection
	GlobalSection(ExtensibilityGlobals) = postSolution
		SolutionGuid = {89B90CD8-212B-4152-A8A4-C1868588CA42}
	EndGlobalSection
EndGlobal
